
Microsoft Visual Studio Solution File, Format Version 12.00
# Visual Studio 14
VisualStudioVersion = 14.0.25420.1
MinimumVisualStudioVersion = 10.0.40219.1
Project("{FAE04EC0-301F-11D3-BF4B-00C04F79EFBC}") = "PetHome.Web", "PetHome.Web\PetHome.Web.csproj", "{9A5FA4FC-733C-4E3C-9211-E8C63AAC8A8E}"
EndProject
Project("{FAE04EC0-301F-11D3-BF4B-00C04F79EFBC}") = "PetHome.Models", "PetHome.Models\PetHome.Models.csproj", "{9DB45E21-2B90-4EEE-8D64-A299F8197CA9}"
EndProject
Project("{FAE04EC0-301F-11D3-BF4B-00C04F79EFBC}") = "PetHome.Data", "PetHome.Data\PetHome.Data.csproj", "{72EF54EB-D9D6-4AAF-8C0E-7D13215E215A}"
EndProject
Project("{FAE04EC0-301F-11D3-BF4B-00C04F79EFBC}") = "PetHome.Services", "PetHome.Services\PetHome.Services.csproj", "{8D638542-796F-482E-B601-785F563EB335}"
EndProject
Project("{FAE04EC0-301F-11D3-BF4B-00C04F79EFBC}") = "PetHome.Tests", "PetHome.Tests\PetHome.Tests.csproj", "{0F8E0D0B-2D17-4A00-9960-A682E5F7AFC8}"
EndProject
Global
	GlobalSection(SolutionConfigurationPlatforms) = preSolution
		Debug|Any CPU = Debug|Any CPU
		Release|Any CPU = Release|Any CPU
	EndGlobalSection
	GlobalSection(ProjectConfigurationPlatforms) = postSolution
		{9A5FA4FC-733C-4E3C-9211-E8C63AAC8A8E}.Debug|Any CPU.ActiveCfg = Debug|Any CPU
		{9A5FA4FC-733C-4E3C-9211-E8C63AAC8A8E}.Debug|Any CPU.Build.0 = Debug|Any CPU
		{9A5FA4FC-733C-4E3C-9211-E8C63AAC8A8E}.Release|Any CPU.ActiveCfg = Release|Any CPU
		{9A5FA4FC-733C-4E3C-9211-E8C63AAC8A8E}.Release|Any CPU.Build.0 = Release|Any CPU
		{9DB45E21-2B90-4EEE-8D64-A299F8197CA9}.Debug|Any CPU.ActiveCfg = Debug|Any CPU
		{9DB45E21-2B90-4EEE-8D64-A299F8197CA9}.Debug|Any CPU.Build.0 = Debug|Any CPU
		{9DB45E21-2B90-4EEE-8D64-A299F8197CA9}.Release|Any CPU.ActiveCfg = Release|Any CPU
		{9DB45E21-2B90-4EEE-8D64-A299F8197CA9}.Release|Any CPU.Build.0 = Release|Any CPU
		{72EF54EB-D9D6-4AAF-8C0E-7D13215E215A}.Debug|Any CPU.ActiveCfg = Debug|Any CPU
		{72EF54EB-D9D6-4AAF-8C0E-7D13215E215A}.Debug|Any CPU.Build.0 = Debug|Any CPU
		{72EF54EB-D9D6-4AAF-8C0E-7D13215E215A}.Release|Any CPU.ActiveCfg = Release|Any CPU
		{72EF54EB-D9D6-4AAF-8C0E-7D13215E215A}.Release|Any CPU.Build.0 = Release|Any CPU
		{8D638542-796F-482E-B601-785F563EB335}.Debug|Any CPU.ActiveCfg = Debug|Any CPU
		{8D638542-796F-482E-B601-785F563EB335}.Debug|Any CPU.Build.0 = Debug|Any CPU
		{8D638542-796F-482E-B601-785F563EB335}.Release|Any CPU.ActiveCfg = Release|Any CPU
		{8D638542-796F-482E-B601-785F563EB335}.Release|Any CPU.Build.0 = Release|Any CPU
		{0F8E0D0B-2D17-4A00-9960-A682E5F7AFC8}.Debug|Any CPU.ActiveCfg = Debug|Any CPU
		{0F8E0D0B-2D17-4A00-9960-A682E5F7AFC8}.Debug|Any CPU.Build.0 = Debug|Any CPU
		{0F8E0D0B-2D17-4A00-9960-A682E5F7AFC8}.Release|Any CPU.ActiveCfg = Release|Any CPU
		{0F8E0D0B-2D17-4A00-9960-A682E5F7AFC8}.Release|Any CPU.Build.0 = Release|Any CPU
	EndGlobalSection
	GlobalSection(SolutionProperties) = preSolution
		HideSolutionNode = FALSE
	EndGlobalSection
EndGlobal
